
Microsoft Visual Studio Solution File, Format Version 12.00
# Visual Studio Version 16
VisualStudioVersion = 16.0.32002.261
MinimumVisualStudioVersion = 10.0.40219.1
Project("{FAE04EC0-301F-11D3-BF4B-00C04F79EFBC}") = "BookStore", "BookStore\BookStore.csproj", "{72FA91FF-442D-427A-A7DF-336D92F4180C}"
EndProject
Global
	GlobalSection(SolutionConfigurationPlatforms) = preSolution
		Debug|Any CPU = Debug|Any CPU
		Release|Any CPU = Release|Any CPU
	EndGlobalSection
	GlobalSection(ProjectConfigurationPlatforms) = postSolution
		{72FA91FF-442D-427A-A7DF-336D92F4180C}.Debug|Any CPU.ActiveCfg = Debug|Any CPU
		{72FA91FF-442D-427A-A7DF-336D92F4180C}.Debug|Any CPU.Build.0 = Debug|Any CPU
		{72FA91FF-442D-427A-A7DF-336D92F4180C}.Release|Any CPU.ActiveCfg = Release|Any CPU
		{72FA91FF-442D-427A-A7DF-336D92F4180C}.Release|Any CPU.Build.0 = Release|Any CPU
	EndGlobalSection
	GlobalSection(SolutionProperties) = preSolution
		HideSolutionNode = FALSE
	EndGlobalSection
	GlobalSection(ExtensibilityGlobals) = postSolution
		SolutionGuid = {6C5C6954-1F7C-480E-A210-EC6E08890486}
	EndGlobalSection
EndGlobal
